// !$*UTF8*$!
{
	archiveVersion = 1;
	classes = {
	};
	objectVersion = 50;
	objects = {

/* Begin PBXBuildFile section */
		D302701B264811D9004656C4 /* LandmarksApp.swift in Sources */ = {isa = PBXBuildFile; fileRef = D302701A264811D9004656C4 /* LandmarksApp.swift */; };
		D302701D264811D9004656C4 /* ContentView.swift in Sources */ = {isa = PBXBuildFile; fileRef = D302701C264811D9004656C4 /* ContentView.swift */; };
		D302701F264811E0004656C4 /* Assets.xcassets in Resources */ = {isa = PBXBuildFile; fileRef = D302701E264811E0004656C4 /* Assets.xcassets */; };
		D3027022264811E0004656C4 /* Preview Assets.xcassets in Resources */ = {isa = PBXBuildFile; fileRef = D3027021264811E0004656C4 /* Preview Assets.xcassets */; };
		D302702D264811E0004656C4 /* LandmarksTests.swift in Sources */ = {isa = PBXBuildFile; fileRef = D302702C264811E0004656C4 /* LandmarksTests.swift */; };
		D3027038264811E1004656C4 /* LandmarksUITests.swift in Sources */ = {isa = PBXBuildFile; fileRef = D3027037264811E1004656C4 /* LandmarksUITests.swift */; };
		D329E970264C0B9C00ED1F91 /* hikeData.json in Resources */ = {isa = PBXBuildFile; fileRef = D329E96F264C0B9C00ED1F91 /* hikeData.json */; };
		D329E972264C0BB800ED1F91 /* Hike.swift in Sources */ = {isa = PBXBuildFile; fileRef = D329E971264C0BB800ED1F91 /* Hike.swift */; };
		D329E97A264C0D4F00ED1F91 /* GraphCapsule.swift in Sources */ = {isa = PBXBuildFile; fileRef = D329E976264C0D4F00ED1F91 /* GraphCapsule.swift */; };
		D329E97B264C0D4F00ED1F91 /* HikeDetail.swift in Sources */ = {isa = PBXBuildFile; fileRef = D329E977264C0D4F00ED1F91 /* HikeDetail.swift */; };
		D329E97C264C0D4F00ED1F91 /* HikeGraph.swift in Sources */ = {isa = PBXBuildFile; fileRef = D329E978264C0D4F00ED1F91 /* HikeGraph.swift */; };
		D329E97D264C0D4F00ED1F91 /* HikeView.swift in Sources */ = {isa = PBXBuildFile; fileRef = D329E979264C0D4F00ED1F91 /* HikeView.swift */; };
		D35CC66C264817D700886252 /* CircleImage.swift in Sources */ = {isa = PBXBuildFile; fileRef = D35CC66B264817D700886252 /* CircleImage.swift */; };
		D35CC66E26481B7200886252 /* MapView.swift in Sources */ = {isa = PBXBuildFile; fileRef = D35CC66D26481B7200886252 /* MapView.swift */; };
		D35CC6702648348800886252 /* landmarkData.json in Resources */ = {isa = PBXBuildFile; fileRef = D35CC66F2648348800886252 /* landmarkData.json */; };
		D35CC674264834DA00886252 /* Landmark.swift in Sources */ = {isa = PBXBuildFile; fileRef = D35CC673264834DA00886252 /* Landmark.swift */; };
		D35CC6762648365000886252 /* ModelData.swift in Sources */ = {isa = PBXBuildFile; fileRef = D35CC6752648365000886252 /* ModelData.swift */; };
		D35CC67B2648382000886252 /* LandmarkRow.swift in Sources */ = {isa = PBXBuildFile; fileRef = D35CC67A2648382000886252 /* LandmarkRow.swift */; };
		D35CC67D2648393100886252 /* LandmarkList.swift in Sources */ = {isa = PBXBuildFile; fileRef = D35CC67C2648393100886252 /* LandmarkList.swift */; };
		D35CC67F26483A0700886252 /* LandmarkDetail.swift in Sources */ = {isa = PBXBuildFile; fileRef = D35CC67E26483A0700886252 /* LandmarkDetail.swift */; };
		D35CC681264873C300886252 /* FavoriteButton.swift in Sources */ = {isa = PBXBuildFile; fileRef = D35CC680264873C300886252 /* FavoriteButton.swift */; };
		D35CC684264A5C9600886252 /* HexagonParameters.swift in Sources */ = {isa = PBXBuildFile; fileRef = D35CC683264A5C9600886252 /* HexagonParameters.swift */; };
		D35CC686264A5E7B00886252 /* BadgeBackground.swift in Sources */ = {isa = PBXBuildFile; fileRef = D35CC685264A5E7B00886252 /* BadgeBackground.swift */; };
		D35CC688264A642100886252 /* BadgeSymbol.swift in Sources */ = {isa = PBXBuildFile; fileRef = D35CC687264A642100886252 /* BadgeSymbol.swift */; };
		D35CC68A264AE4F000886252 /* RotatedBadgeSymbol.swift in Sources */ = {isa = PBXBuildFile; fileRef = D35CC689264AE4F000886252 /* RotatedBadgeSymbol.swift */; };
		D35CC68C264AE56C00886252 /* Badge.swift in Sources */ = {isa = PBXBuildFile; fileRef = D35CC68B264AE56C00886252 /* Badge.swift */; };
/* End PBXBuildFile section */

/* Begin PBXContainerItemProxy section */
		D3027029264811E0004656C4 /* PBXContainerItemProxy */ = {
			isa = PBXContainerItemProxy;
			containerPortal = D302700F264811D9004656C4 /* Project object */;
			proxyType = 1;
			remoteGlobalIDString = D3027016264811D9004656C4;
			remoteInfo = Landmarks;
		};
		D3027034264811E0004656C4 /* PBXContainerItemProxy */ = {
			isa = PBXContainerItemProxy;
			containerPortal = D302700F264811D9004656C4 /* Project object */;
			proxyType = 1;
			remoteGlobalIDString = D3027016264811D9004656C4;
			remoteInfo = Landmarks;
		};
/* End PBXContainerItemProxy section */

/* Begin PBXFileReference section */
		D3027017264811D9004656C4 /* Landmarks.app */ = {isa = PBXFileReference; explicitFileType = wrapper.application; includeInIndex = 0; path = Landmarks.app; sourceTree = BUILT_PRODUCTS_DIR; };
		D302701A264811D9004656C4 /* LandmarksApp.swift */ = {isa = PBXFileReference; lastKnownFileType = sourcecode.swift; path = LandmarksApp.swift; sourceTree = "<group>"; };
		D302701C264811D9004656C4 /* ContentView.swift */ = {isa = PBXFileReference; lastKnownFileType = sourcecode.swift; path = ContentView.swift; sourceTree = "<group>"; };
		D302701E264811E0004656C4 /* Assets.xcassets */ = {isa = PBXFileReference; lastKnownFileType = folder.assetcatalog; path = Assets.xcassets; sourceTree = "<group>"; };
		D3027021264811E0004656C4 /* Preview Assets.xcassets */ = {isa = PBXFileReference; lastKnownFileType = folder.assetcatalog; path = "Preview Assets.xcassets"; sourceTree = "<group>"; };
		D3027023264811E0004656C4 /* Info.plist */ = {isa = PBXFileReference; lastKnownFileType = text.plist.xml; path = Info.plist; sourceTree = "<group>"; };
		D3027028264811E0004656C4 /* LandmarksTests.xctest */ = {isa = PBXFileReference; explicitFileType = wrapper.cfbundle; includeInIndex = 0; path = LandmarksTests.xctest; sourceTree = BUILT_PRODUCTS_DIR; };
		D302702C264811E0004656C4 /* LandmarksTests.swift */ = {isa = PBXFileReference; lastKnownFileType = sourcecode.swift; path = LandmarksTests.swift; sourceTree = "<group>"; };
		D302702E264811E0004656C4 /* Info.plist */ = {isa = PBXFileReference; lastKnownFileType = text.plist.xml; path = Info.plist; sourceTree = "<group>"; };
		D3027033264811E0004656C4 /* LandmarksUITests.xctest */ = {isa = PBXFileReference; explicitFileType = wrapper.cfbundle; includeInIndex = 0; path = LandmarksUITests.xctest; sourceTree = BUILT_PRODUCTS_DIR; };
		D3027037264811E1004656C4 /* LandmarksUITests.swift */ = {isa = PBXFileReference; lastKnownFileType = sourcecode.swift; path = LandmarksUITests.swift; sourceTree = "<group>"; };
		D3027039264811E1004656C4 /* Info.plist */ = {isa = PBXFileReference; lastKnownFileType = text.plist.xml; path = Info.plist; sourceTree = "<group>"; };
		D329E96F264C0B9C00ED1F91 /* hikeData.json */ = {isa = PBXFileReference; fileEncoding = 4; lastKnownFileType = text.json; path = hikeData.json; sourceTree = "<group>"; };
		D329E971264C0BB800ED1F91 /* Hike.swift */ = {isa = PBXFileReference; lastKnownFileType = sourcecode.swift; path = Hike.swift; sourceTree = "<group>"; };
		D329E976264C0D4F00ED1F91 /* GraphCapsule.swift */ = {isa = PBXFileReference; fileEncoding = 4; lastKnownFileType = sourcecode.swift; path = GraphCapsule.swift; sourceTree = "<group>"; };
		D329E977264C0D4F00ED1F91 /* HikeDetail.swift */ = {isa = PBXFileReference; fileEncoding = 4; lastKnownFileType = sourcecode.swift; path = HikeDetail.swift; sourceTree = "<group>"; };
		D329E978264C0D4F00ED1F91 /* HikeGraph.swift */ = {isa = PBXFileReference; fileEncoding = 4; lastKnownFileType = sourcecode.swift; path = HikeGraph.swift; sourceTree = "<group>"; };
		D329E979264C0D4F00ED1F91 /* HikeView.swift */ = {isa = PBXFileReference; fileEncoding = 4; lastKnownFileType = sourcecode.swift; path = HikeView.swift; sourceTree = "<group>"; };
		D35CC66B264817D700886252 /* CircleImage.swift */ = {isa = PBXFileReference; lastKnownFileType = sourcecode.swift; path = CircleImage.swift; sourceTree = "<group>"; };
		D35CC66D26481B7200886252 /* MapView.swift */ = {isa = PBXFileReference; lastKnownFileType = sourcecode.swift; path = MapView.swift; sourceTree = "<group>"; };
		D35CC66F2648348800886252 /* landmarkData.json */ = {isa = PBXFileReference; fileEncoding = 4; lastKnownFileType = text.json; path = landmarkData.json; sourceTree = "<group>"; };
		D35CC673264834DA00886252 /* Landmark.swift */ = {isa = PBXFileReference; lastKnownFileType = sourcecode.swift; path = Landmark.swift; sourceTree = "<group>"; };
		D35CC6752648365000886252 /* ModelData.swift */ = {isa = PBXFileReference; lastKnownFileType = sourcecode.swift; path = ModelData.swift; sourceTree = "<group>"; };
		D35CC67A2648382000886252 /* LandmarkRow.swift */ = {isa = PBXFileReference; lastKnownFileType = sourcecode.swift; path = LandmarkRow.swift; sourceTree = "<group>"; };
		D35CC67C2648393100886252 /* LandmarkList.swift */ = {isa = PBXFileReference; lastKnownFileType = sourcecode.swift; path = LandmarkList.swift; sourceTree = "<group>"; };
		D35CC67E26483A0700886252 /* LandmarkDetail.swift */ = {isa = PBXFileReference; lastKnownFileType = sourcecode.swift; path = LandmarkDetail.swift; sourceTree = "<group>"; };
		D35CC680264873C300886252 /* FavoriteButton.swift */ = {isa = PBXFileReference; lastKnownFileType = sourcecode.swift; path = FavoriteButton.swift; sourceTree = "<group>"; };
		D35CC683264A5C9600886252 /* HexagonParameters.swift */ = {isa = PBXFileReference; lastKnownFileType = sourcecode.swift; path = HexagonParameters.swift; sourceTree = "<group>"; };
		D35CC685264A5E7B00886252 /* BadgeBackground.swift */ = {isa = PBXFileReference; lastKnownFileType = sourcecode.swift; path = BadgeBackground.swift; sourceTree = "<group>"; };
		D35CC687264A642100886252 /* BadgeSymbol.swift */ = {isa = PBXFileReference; lastKnownFileType = sourcecode.swift; path = BadgeSymbol.swift; sourceTree = "<group>"; };
		D35CC689264AE4F000886252 /* RotatedBadgeSymbol.swift */ = {isa = PBXFileReference; lastKnownFileType = sourcecode.swift; path = RotatedBadgeSymbol.swift; sourceTree = "<group>"; };
		D35CC68B264AE56C00886252 /* Badge.swift */ = {isa = PBXFileReference; lastKnownFileType = sourcecode.swift; path = Badge.swift; sourceTree = "<group>"; };
/* End PBXFileReference section */

/* Begin PBXFrameworksBuildPhase section */
		D3027014264811D9004656C4 /* Frameworks */ = {
			isa = PBXFrameworksBuildPhase;
			buildActionMask = 2147483647;
			files = (
			);
			runOnlyForDeploymentPostprocessing = 0;
		};
		D3027025264811E0004656C4 /* Frameworks */ = {
			isa = PBXFrameworksBuildPhase;
			buildActionMask = 2147483647;
			files = (
			);
			runOnlyForDeploymentPostprocessing = 0;
		};
		D3027030264811E0004656C4 /* Frameworks */ = {
			isa = PBXFrameworksBuildPhase;
			buildActionMask = 2147483647;
			files = (
			);
			runOnlyForDeploymentPostprocessing = 0;
		};
/* End PBXFrameworksBuildPhase section */

/* Begin PBXGroup section */
		D302700E264811D9004656C4 = {
			isa = PBXGroup;
			children = (
				D35CC6822648745000886252 /* Helpers */,
				D35CC679264837A800886252 /* Models */,
				D35CC6782648379E00886252 /* Views */,
				D35CC6772648379500886252 /* Resources */,
				D3027019264811D9004656C4 /* Landmarks */,
				D302702B264811E0004656C4 /* LandmarksTests */,
				D3027036264811E0004656C4 /* LandmarksUITests */,
				D3027018264811D9004656C4 /* Products */,
			);
			sourceTree = "<group>";
		};
		D3027018264811D9004656C4 /* Products */ = {
			isa = PBXGroup;
			children = (
				D3027017264811D9004656C4 /* Landmarks.app */,
				D3027028264811E0004656C4 /* LandmarksTests.xctest */,
				D3027033264811E0004656C4 /* LandmarksUITests.xctest */,
			);
			name = Products;
			sourceTree = "<group>";
		};
		D3027019264811D9004656C4 /* Landmarks */ = {
			isa = PBXGroup;
			children = (
				D302701A264811D9004656C4 /* LandmarksApp.swift */,
				D302701E264811E0004656C4 /* Assets.xcassets */,
				D3027023264811E0004656C4 /* Info.plist */,
				D3027020264811E0004656C4 /* Preview Content */,
			);
			path = Landmarks;
			sourceTree = "<group>";
		};
		D3027020264811E0004656C4 /* Preview Content */ = {
			isa = PBXGroup;
			children = (
				D3027021264811E0004656C4 /* Preview Assets.xcassets */,
			);
			path = "Preview Content";
			sourceTree = "<group>";
		};
		D302702B264811E0004656C4 /* LandmarksTests */ = {
			isa = PBXGroup;
			children = (
				D302702C264811E0004656C4 /* LandmarksTests.swift */,
				D302702E264811E0004656C4 /* Info.plist */,
			);
			path = LandmarksTests;
			sourceTree = "<group>";
		};
		D3027036264811E0004656C4 /* LandmarksUITests */ = {
			isa = PBXGroup;
			children = (
				D3027037264811E1004656C4 /* LandmarksUITests.swift */,
				D3027039264811E1004656C4 /* Info.plist */,
			);
			path = LandmarksUITests;
			sourceTree = "<group>";
		};
		D329E975264C0D3C00ED1F91 /* Hikes */ = {
			isa = PBXGroup;
			children = (
				D329E976264C0D4F00ED1F91 /* GraphCapsule.swift */,
				D329E977264C0D4F00ED1F91 /* HikeDetail.swift */,
				D329E978264C0D4F00ED1F91 /* HikeGraph.swift */,
				D329E979264C0D4F00ED1F91 /* HikeView.swift */,
			);
			path = Hikes;
			sourceTree = "<group>";
		};
		D35CC6772648379500886252 /* Resources */ = {
			isa = PBXGroup;
			children = (
				D35CC66F2648348800886252 /* landmarkData.json */,
				D329E96F264C0B9C00ED1F91 /* hikeData.json */,
			);
			path = Resources;
			sourceTree = "<group>";
		};
		D35CC6782648379E00886252 /* Views */ = {
			isa = PBXGroup;
			children = (
				D329E975264C0D3C00ED1F91 /* Hikes */,
				D35CC68E264AE75D00886252 /* Landmarks */,
				D35CC68D264AE75400886252 /* Badges */,
				D302701C264811D9004656C4 /* ContentView.swift */,
			);
			path = Views;
			sourceTree = "<group>";
		};
		D35CC679264837A800886252 /* Models */ = {
			isa = PBXGroup;
			children = (
				D35CC673264834DA00886252 /* Landmark.swift */,
				D35CC6752648365000886252 /* ModelData.swift */,
				D329E971264C0BB800ED1F91 /* Hike.swift */,
			);
			path = Models;
			sourceTree = "<group>";
		};
		D35CC6822648745000886252 /* Helpers */ = {
			isa = PBXGroup;
			children = (
				D35CC66B264817D700886252 /* CircleImage.swift */,
				D35CC66D26481B7200886252 /* MapView.swift */,
				D35CC680264873C300886252 /* FavoriteButton.swift */,
			);
			path = Helpers;
			sourceTree = "<group>";
		};
		D35CC68D264AE75400886252 /* Badges */ = {
			isa = PBXGroup;
			children = (
				D35CC683264A5C9600886252 /* HexagonParameters.swift */,
				D35CC685264A5E7B00886252 /* BadgeBackground.swift */,
				D35CC687264A642100886252 /* BadgeSymbol.swift */,
				D35CC689264AE4F000886252 /* RotatedBadgeSymbol.swift */,
				D35CC68B264AE56C00886252 /* Badge.swift */,
			);
			path = Badges;
			sourceTree = "<group>";
		};
		D35CC68E264AE75D00886252 /* Landmarks */ = {
			isa = PBXGroup;
			children = (
				D35CC67A2648382000886252 /* LandmarkRow.swift */,
				D35CC67C2648393100886252 /* LandmarkList.swift */,
				D35CC67E26483A0700886252 /* LandmarkDetail.swift */,
			);
			path = Landmarks;
			sourceTree = "<group>";
		};
/* End PBXGroup section */

/* Begin PBXNativeTarget section */
		D3027016264811D9004656C4 /* Landmarks */ = {
			isa = PBXNativeTarget;
			buildConfigurationList = D302703C264811E1004656C4 /* Build configuration list for PBXNativeTarget "Landmarks" */;
			buildPhases = (
				D3027013264811D9004656C4 /* Sources */,
				D3027014264811D9004656C4 /* Frameworks */,
				D3027015264811D9004656C4 /* Resources */,
			);
			buildRules = (
			);
			dependencies = (
			);
			name = Landmarks;
			productName = Landmarks;
			productReference = D3027017264811D9004656C4 /* Landmarks.app */;
			productType = "com.apple.product-type.application";
		};
		D3027027264811E0004656C4 /* LandmarksTests */ = {
			isa = PBXNativeTarget;
			buildConfigurationList = D302703F264811E1004656C4 /* Build configuration list for PBXNativeTarget "LandmarksTests" */;
			buildPhases = (
				D3027024264811E0004656C4 /* Sources */,
				D3027025264811E0004656C4 /* Frameworks */,
				D3027026264811E0004656C4 /* Resources */,
			);
			buildRules = (
			);
			dependencies = (
				D302702A264811E0004656C4 /* PBXTargetDependency */,
			);
			name = LandmarksTests;
			productName = LandmarksTests;
			productReference = D3027028264811E0004656C4 /* LandmarksTests.xctest */;
			productType = "com.apple.product-type.bundle.unit-test";
		};
		D3027032264811E0004656C4 /* LandmarksUITests */ = {
			isa = PBXNativeTarget;
			buildConfigurationList = D3027042264811E1004656C4 /* Build configuration list for PBXNativeTarget "LandmarksUITests" */;
			buildPhases = (
				D302702F264811E0004656C4 /* Sources */,
				D3027030264811E0004656C4 /* Frameworks */,
				D3027031264811E0004656C4 /* Resources */,
			);
			buildRules = (
			);
			dependencies = (
				D3027035264811E0004656C4 /* PBXTargetDependency */,
			);
			name = LandmarksUITests;
			productName = LandmarksUITests;
			productReference = D3027033264811E0004656C4 /* LandmarksUITests.xctest */;
			productType = "com.apple.product-type.bundle.ui-testing";
		};
/* End PBXNativeTarget section */

/* Begin PBXProject section */
		D302700F264811D9004656C4 /* Project object */ = {
			isa = PBXProject;
			attributes = {
				LastSwiftUpdateCheck = 1250;
				LastUpgradeCheck = 1250;
				TargetAttributes = {
					D3027016264811D9004656C4 = {
						CreatedOnToolsVersion = 12.5;
					};
					D3027027264811E0004656C4 = {
						CreatedOnToolsVersion = 12.5;
						TestTargetID = D3027016264811D9004656C4;
					};
					D3027032264811E0004656C4 = {
						CreatedOnToolsVersion = 12.5;
						TestTargetID = D3027016264811D9004656C4;
					};
				};
			};
			buildConfigurationList = D3027012264811D9004656C4 /* Build configuration list for PBXProject "Landmarks" */;
			compatibilityVersion = "Xcode 9.3";
			developmentRegion = en;
			hasScannedForEncodings = 0;
			knownRegions = (
				en,
				Base,
			);
			mainGroup = D302700E264811D9004656C4;
			productRefGroup = D3027018264811D9004656C4 /* Products */;
			projectDirPath = "";
			projectRoot = "";
			targets = (
				D3027016264811D9004656C4 /* Landmarks */,
				D3027027264811E0004656C4 /* LandmarksTests */,
				D3027032264811E0004656C4 /* LandmarksUITests */,
			);
		};
/* End PBXProject section */

/* Begin PBXResourcesBuildPhase section */
		D3027015264811D9004656C4 /* Resources */ = {
			isa = PBXResourcesBuildPhase;
			buildActionMask = 2147483647;
			files = (
				D329E970264C0B9C00ED1F91 /* hikeData.json in Resources */,
				D3027022264811E0004656C4 /* Preview Assets.xcassets in Resources */,
				D302701F264811E0004656C4 /* Assets.xcassets in Resources */,
				D35CC6702648348800886252 /* landmarkData.json in Resources */,
			);
			runOnlyForDeploymentPostprocessing = 0;
		};
		D3027026264811E0004656C4 /* Resources */ = {
			isa = PBXResourcesBuildPhase;
			buildActionMask = 2147483647;
			files = (
			);
			runOnlyForDeploymentPostprocessing = 0;
		};
		D3027031264811E0004656C4 /* Resources */ = {
			isa = PBXResourcesBuildPhase;
			buildActionMask = 2147483647;
			files = (
			);
			runOnlyForDeploymentPostprocessing = 0;
		};
/* End PBXResourcesBuildPhase section */

/* Begin PBXSourcesBuildPhase section */
		D3027013264811D9004656C4 /* Sources */ = {
			isa = PBXSourcesBuildPhase;
			buildActionMask = 2147483647;
			files = (
				D302701D264811D9004656C4 /* ContentView.swift in Sources */,
				D35CC68C264AE56C00886252 /* Badge.swift in Sources */,
				D35CC66E26481B7200886252 /* MapView.swift in Sources */,
				D329E97A264C0D4F00ED1F91 /* GraphCapsule.swift in Sources */,
				D329E97C264C0D4F00ED1F91 /* HikeGraph.swift in Sources */,
				D302701B264811D9004656C4 /* LandmarksApp.swift in Sources */,
				D35CC681264873C300886252 /* FavoriteButton.swift in Sources */,
				D35CC684264A5C9600886252 /* HexagonParameters.swift in Sources */,
				D329E972264C0BB800ED1F91 /* Hike.swift in Sources */,
				D35CC68A264AE4F000886252 /* RotatedBadgeSymbol.swift in Sources */,
				D35CC688264A642100886252 /* BadgeSymbol.swift in Sources */,
				D35CC67D2648393100886252 /* LandmarkList.swift in Sources */,
				D329E97B264C0D4F00ED1F91 /* HikeDetail.swift in Sources */,
				D329E97D264C0D4F00ED1F91 /* HikeView.swift in Sources */,
				D35CC67F26483A0700886252 /* LandmarkDetail.swift in Sources */,
				D35CC686264A5E7B00886252 /* BadgeBackground.swift in Sources */,
				D35CC66C264817D700886252 /* CircleImage.swift in Sources */,
				D35CC674264834DA00886252 /* Landmark.swift in Sources */,
				D35CC67B2648382000886252 /* LandmarkRow.swift in Sources */,
				D35CC6762648365000886252 /* ModelData.swift in Sources */,
			);
			runOnlyForDeploymentPostprocessing = 0;
		};
		D3027024264811E0004656C4 /* Sources */ = {
			isa = PBXSourcesBuildPhase;
			buildActionMask = 2147483647;
			files = (
				D302702D264811E0004656C4 /* LandmarksTests.swift in Sources */,
			);
			runOnlyForDeploymentPostprocessing = 0;
		};
		D302702F264811E0004656C4 /* Sources */ = {
			isa = PBXSourcesBuildPhase;
			buildActionMask = 2147483647;
			files = (
				D3027038264811E1004656C4 /* LandmarksUITests.swift in Sources */,
			);
			runOnlyForDeploymentPostprocessing = 0;
		};
/* End PBXSourcesBuildPhase section */

/* Begin PBXTargetDependency section */
		D302702A264811E0004656C4 /* PBXTargetDependency */ = {
			isa = PBXTargetDependency;
			target = D3027016264811D9004656C4 /* Landmarks */;
			targetProxy = D3027029264811E0004656C4 /* PBXContainerItemProxy */;
		};
		D3027035264811E0004656C4 /* PBXTargetDependency */ = {
			isa = PBXTargetDependency;
			target = D3027016264811D9004656C4 /* Landmarks */;
			targetProxy = D3027034264811E0004656C4 /* PBXContainerItemProxy */;
		};
/* End PBXTargetDependency section */

/* Begin XCBuildConfiguration section */
		D302703A264811E1004656C4 /* Debug */ = {
			isa = XCBuildConfiguration;
			buildSettings = {
				ALWAYS_SEARCH_USER_PATHS = NO;
				CLANG_ANALYZER_NONNULL = YES;
				CLANG_ANALYZER_NUMBER_OBJECT_CONVERSION = YES_AGGRESSIVE;
				CLANG_CXX_LANGUAGE_STANDARD = "gnu++14";
				CLANG_CXX_LIBRARY = "libc++";
				CLANG_ENABLE_MODULES = YES;
				CLANG_ENABLE_OBJC_ARC = YES;
				CLANG_ENABLE_OBJC_WEAK = YES;
				CLANG_WARN_BLOCK_CAPTURE_AUTORELEASING = YES;
				CLANG_WARN_BOOL_CONVERSION = YES;
				CLANG_WARN_COMMA = YES;
				CLANG_WARN_CONSTANT_CONVERSION = YES;
				CLANG_WARN_DEPRECATED_OBJC_IMPLEMENTATIONS = YES;
				CLANG_WARN_DIRECT_OBJC_ISA_USAGE = YES_ERROR;
				CLANG_WARN_DOCUMENTATION_COMMENTS = YES;
				CLANG_WARN_EMPTY_BODY = YES;
				CLANG_WARN_ENUM_CONVERSION = YES;
				CLANG_WARN_INFINITE_RECURSION = YES;
				CLANG_WARN_INT_CONVERSION = YES;
				CLANG_WARN_NON_LITERAL_NULL_CONVERSION = YES;
				CLANG_WARN_OBJC_IMPLICIT_RETAIN_SELF = YES;
				CLANG_WARN_OBJC_LITERAL_CONVERSION = YES;
				CLANG_WARN_OBJC_ROOT_CLASS = YES_ERROR;
				CLANG_WARN_QUOTED_INCLUDE_IN_FRAMEWORK_HEADER = YES;
				CLANG_WARN_RANGE_LOOP_ANALYSIS = YES;
				CLANG_WARN_STRICT_PROTOTYPES = YES;
				CLANG_WARN_SUSPICIOUS_MOVE = YES;
				CLANG_WARN_UNGUARDED_AVAILABILITY = YES_AGGRESSIVE;
				CLANG_WARN_UNREACHABLE_CODE = YES;
				CLANG_WARN__DUPLICATE_METHOD_MATCH = YES;
				COPY_PHASE_STRIP = NO;
				DEBUG_INFORMATION_FORMAT = dwarf;
				ENABLE_STRICT_OBJC_MSGSEND = YES;
				ENABLE_TESTABILITY = YES;
				GCC_C_LANGUAGE_STANDARD = gnu11;
				GCC_DYNAMIC_NO_PIC = NO;
				GCC_NO_COMMON_BLOCKS = YES;
				GCC_OPTIMIZATION_LEVEL = 0;
				GCC_PREPROCESSOR_DEFINITIONS = (
					"DEBUG=1",
					"$(inherited)",
				);
				GCC_WARN_64_TO_32_BIT_CONVERSION = YES;
				GCC_WARN_ABOUT_RETURN_TYPE = YES_ERROR;
				GCC_WARN_UNDECLARED_SELECTOR = YES;
				GCC_WARN_UNINITIALIZED_AUTOS = YES_AGGRESSIVE;
				GCC_WARN_UNUSED_FUNCTION = YES;
				GCC_WARN_UNUSED_VARIABLE = YES;
				IPHONEOS_DEPLOYMENT_TARGET = 14.5;
				MTL_ENABLE_DEBUG_INFO = INCLUDE_SOURCE;
				MTL_FAST_MATH = YES;
				ONLY_ACTIVE_ARCH = YES;
				SDKROOT = iphoneos;
				SWIFT_ACTIVE_COMPILATION_CONDITIONS = DEBUG;
				SWIFT_OPTIMIZATION_LEVEL = "-Onone";
			};
			name = Debug;
		};
		D302703B264811E1004656C4 /* Release */ = {
			isa = XCBuildConfiguration;
			buildSettings = {
				ALWAYS_SEARCH_USER_PATHS = NO;
				CLANG_ANALYZER_NONNULL = YES;
				CLANG_ANALYZER_NUMBER_OBJECT_CONVERSION = YES_AGGRESSIVE;
				CLANG_CXX_LANGUAGE_STANDARD = "gnu++14";
				CLANG_CXX_LIBRARY = "libc++";
				CLANG_ENABLE_MODULES = YES;
				CLANG_ENABLE_OBJC_ARC = YES;
				CLANG_ENABLE_OBJC_WEAK = YES;
				CLANG_WARN_BLOCK_CAPTURE_AUTORELEASING = YES;
				CLANG_WARN_BOOL_CONVERSION = YES;
				CLANG_WARN_COMMA = YES;
				CLANG_WARN_CONSTANT_CONVERSION = YES;
				CLANG_WARN_DEPRECATED_OBJC_IMPLEMENTATIONS = YES;
				CLANG_WARN_DIRECT_OBJC_ISA_USAGE = YES_ERROR;
				CLANG_WARN_DOCUMENTATION_COMMENTS = YES;
				CLANG_WARN_EMPTY_BODY = YES;
				CLANG_WARN_ENUM_CONVERSION = YES;
				CLANG_WARN_INFINITE_RECURSION = YES;
				CLANG_WARN_INT_CONVERSION = YES;
				CLANG_WARN_NON_LITERAL_NULL_CONVERSION = YES;
				CLANG_WARN_OBJC_IMPLICIT_RETAIN_SELF = YES;
				CLANG_WARN_OBJC_LITERAL_CONVERSION = YES;
				CLANG_WARN_OBJC_ROOT_CLASS = YES_ERROR;
				CLANG_WARN_QUOTED_INCLUDE_IN_FRAMEWORK_HEADER = YES;
				CLANG_WARN_RANGE_LOOP_ANALYSIS = YES;
				CLANG_WARN_STRICT_PROTOTYPES = YES;
				CLANG_WARN_SUSPICIOUS_MOVE = YES;
				CLANG_WARN_UNGUARDED_AVAILABILITY = YES_AGGRESSIVE;
				CLANG_WARN_UNREACHABLE_CODE = YES;
				CLANG_WARN__DUPLICATE_METHOD_MATCH = YES;
				COPY_PHASE_STRIP = NO;
				DEBUG_INFORMATION_FORMAT = "dwarf-with-dsym";
				ENABLE_NS_ASSERTIONS = NO;
				ENABLE_STRICT_OBJC_MSGSEND = YES;
				GCC_C_LANGUAGE_STANDARD = gnu11;
				GCC_NO_COMMON_BLOCKS = YES;
				GCC_WARN_64_TO_32_BIT_CONVERSION = YES;
				GCC_WARN_ABOUT_RETURN_TYPE = YES_ERROR;
				GCC_WARN_UNDECLARED_SELECTOR = YES;
				GCC_WARN_UNINITIALIZED_AUTOS = YES_AGGRESSIVE;
				GCC_WARN_UNUSED_FUNCTION = YES;
				GCC_WARN_UNUSED_VARIABLE = YES;
				IPHONEOS_DEPLOYMENT_TARGET = 14.5;
				MTL_ENABLE_DEBUG_INFO = NO;
				MTL_FAST_MATH = YES;
				SDKROOT = iphoneos;
				SWIFT_COMPILATION_MODE = wholemodule;
				SWIFT_OPTIMIZATION_LEVEL = "-O";
				VALIDATE_PRODUCT = YES;
			};
			name = Release;
		};
		D302703D264811E1004656C4 /* Debug */ = {
			isa = XCBuildConfiguration;
			buildSettings = {
				ASSETCATALOG_COMPILER_APPICON_NAME = AppIcon;
				ASSETCATALOG_COMPILER_GLOBAL_ACCENT_COLOR_NAME = AccentColor;
				CODE_SIGN_STYLE = Automatic;
				DEVELOPMENT_ASSET_PATHS = "\"Landmarks/Preview Content\"";
				DEVELOPMENT_TEAM = 643777P7GD;
				ENABLE_PREVIEWS = YES;
				INFOPLIST_FILE = Landmarks/Info.plist;
				IPHONEOS_DEPLOYMENT_TARGET = 14.0;
				LD_RUNPATH_SEARCH_PATHS = (
					"$(inherited)",
					"@executable_path/Frameworks",
				);
				PRODUCT_BUNDLE_IDENTIFIER = sundayx.Landmarks;
				PRODUCT_NAME = "$(TARGET_NAME)";
				SWIFT_VERSION = 5.0;
				TARGETED_DEVICE_FAMILY = "1,2";
			};
			name = Debug;
		};
		D302703E264811E1004656C4 /* Release */ = {
			isa = XCBuildConfiguration;
			buildSettings = {
				ASSETCATALOG_COMPILER_APPICON_NAME = AppIcon;
				ASSETCATALOG_COMPILER_GLOBAL_ACCENT_COLOR_NAME = AccentColor;
				CODE_SIGN_STYLE = Automatic;
				DEVELOPMENT_ASSET_PATHS = "\"Landmarks/Preview Content\"";
				DEVELOPMENT_TEAM = 643777P7GD;
				ENABLE_PREVIEWS = YES;
				INFOPLIST_FILE = Landmarks/Info.plist;
				IPHONEOS_DEPLOYMENT_TARGET = 14.0;
				LD_RUNPATH_SEARCH_PATHS = (
					"$(inherited)",
					"@executable_path/Frameworks",
				);
				PRODUCT_BUNDLE_IDENTIFIER = sundayx.Landmarks;
				PRODUCT_NAME = "$(TARGET_NAME)";
				SWIFT_VERSION = 5.0;
				TARGETED_DEVICE_FAMILY = "1,2";
			};
			name = Release;
		};
		D3027040264811E1004656C4 /* Debug */ = {
			isa = XCBuildConfiguration;
			buildSettings = {
				ALWAYS_EMBED_SWIFT_STANDARD_LIBRARIES = YES;
				BUNDLE_LOADER = "$(TEST_HOST)";
				CODE_SIGN_STYLE = Automatic;
				DEVELOPMENT_TEAM = 643777P7GD;
				INFOPLIST_FILE = LandmarksTests/Info.plist;
				IPHONEOS_DEPLOYMENT_TARGET = 14.0;
				LD_RUNPATH_SEARCH_PATHS = (
					"$(inherited)",
					"@executable_path/Frameworks",
					"@loader_path/Frameworks",
				);
				PRODUCT_BUNDLE_IDENTIFIER = sundayx.LandmarksTests;
				PRODUCT_NAME = "$(TARGET_NAME)";
				SWIFT_VERSION = 5.0;
				TARGETED_DEVICE_FAMILY = "1,2";
				TEST_HOST = "$(BUILT_PRODUCTS_DIR)/Landmarks.app/Landmarks";
			};
			name = Debug;
		};
		D3027041264811E1004656C4 /* Release */ = {
			isa = XCBuildConfiguration;
			buildSettings = {
				ALWAYS_EMBED_SWIFT_STANDARD_LIBRARIES = YES;
				BUNDLE_LOADER = "$(TEST_HOST)";
				CODE_SIGN_STYLE = Automatic;
				DEVELOPMENT_TEAM = 643777P7GD;
				INFOPLIST_FILE = LandmarksTests/Info.plist;
				IPHONEOS_DEPLOYMENT_TARGET = 14.0;
				LD_RUNPATH_SEARCH_PATHS = (
					"$(inherited)",
					"@executable_path/Frameworks",
					"@loader_path/Frameworks",
				);
				PRODUCT_BUNDLE_IDENTIFIER = sundayx.LandmarksTests;
				PRODUCT_NAME = "$(TARGET_NAME)";
				SWIFT_VERSION = 5.0;
				TARGETED_DEVICE_FAMILY = "1,2";
				TEST_HOST = "$(BUILT_PRODUCTS_DIR)/Landmarks.app/Landmarks";
			};
			name = Release;
		};
		D3027043264811E1004656C4 /* Debug */ = {
			isa = XCBuildConfiguration;
			buildSettings = {
				ALWAYS_EMBED_SWIFT_STANDARD_LIBRARIES = YES;
				CODE_SIGN_STYLE = Automatic;
				DEVELOPMENT_TEAM = 643777P7GD;
				INFOPLIST_FILE = LandmarksUITests/Info.plist;
				LD_RUNPATH_SEARCH_PATHS = (
					"$(inherited)",
					"@executable_path/Frameworks",
					"@loader_path/Frameworks",
				);
				PRODUCT_BUNDLE_IDENTIFIER = sundayx.LandmarksUITests;
				PRODUCT_NAME = "$(TARGET_NAME)";
				SWIFT_VERSION = 5.0;
				TARGETED_DEVICE_FAMILY = "1,2";
				TEST_TARGET_NAME = Landmarks;
			};
			name = Debug;
		};
		D3027044264811E1004656C4 /* Release */ = {
			isa = XCBuildConfiguration;
			buildSettings = {
				ALWAYS_EMBED_SWIFT_STANDARD_LIBRARIES = YES;
				CODE_SIGN_STYLE = Automatic;
				DEVELOPMENT_TEAM = 643777P7GD;
				INFOPLIST_FILE = LandmarksUITests/Info.plist;
				LD_RUNPATH_SEARCH_PATHS = (
					"$(inherited)",
					"@executable_path/Frameworks",
					"@loader_path/Frameworks",
				);
				PRODUCT_BUNDLE_IDENTIFIER = sundayx.LandmarksUITests;
				PRODUCT_NAME = "$(TARGET_NAME)";
				SWIFT_VERSION = 5.0;
				TARGETED_DEVICE_FAMILY = "1,2";
				TEST_TARGET_NAME = Landmarks;
			};
			name = Release;
		};
/* End XCBuildConfiguration section */

/* Begin XCConfigurationList section */
		D3027012264811D9004656C4 /* Build configuration list for PBXProject "Landmarks" */ = {
			isa = XCConfigurationList;
			buildConfigurations = (
				D302703A264811E1004656C4 /* Debug */,
				D302703B264811E1004656C4 /* Release */,
			);
			defaultConfigurationIsVisible = 0;
			defaultConfigurationName = Release;
		};
		D302703C264811E1004656C4 /* Build configuration list for PBXNativeTarget "Landmarks" */ = {
			isa = XCConfigurationList;
			buildConfigurations = (
				D302703D264811E1004656C4 /* Debug */,
				D302703E264811E1004656C4 /* Release */,
			);
			defaultConfigurationIsVisible = 0;
			defaultConfigurationName = Release;
		};
		D302703F264811E1004656C4 /* Build configuration list for PBXNativeTarget "LandmarksTests" */ = {
			isa = XCConfigurationList;
			buildConfigurations = (
				D3027040264811E1004656C4 /* Debug */,
				D3027041264811E1004656C4 /* Release */,
			);
			defaultConfigurationIsVisible = 0;
			defaultConfigurationName = Release;
		};
		D3027042264811E1004656C4 /* Build configuration list for PBXNativeTarget "LandmarksUITests" */ = {
			isa = XCConfigurationList;
			buildConfigurations = (
				D3027043264811E1004656C4 /* Debug */,
				D3027044264811E1004656C4 /* Release */,
			);
			defaultConfigurationIsVisible = 0;
			defaultConfigurationName = Release;
		};
/* End XCConfigurationList section */
	};
	rootObject = D302700F264811D9004656C4 /* Project object */;
}
